
Microsoft Visual Studio Solution File, Format Version 12.00
# Visual Studio Version 16
VisualStudioVersion = 16.0.32106.194
MinimumVisualStudioVersion = 10.0.40219.1
Project("{FAE04EC0-301F-11D3-BF4B-00C04F79EFBC}") = "Modul_7_itog_2", "Modul_7_itog_2\Modul_7_itog_2.csproj", "{FF7DD537-CDCB-4117-BF2F-5889E931861B}"
EndProject
Global
	GlobalSection(SolutionConfigurationPlatforms) = preSolution
		Debug|Any CPU = Debug|Any CPU
		Release|Any CPU = Release|Any CPU
	EndGlobalSection
	GlobalSection(ProjectConfigurationPlatforms) = postSolution
		{FF7DD537-CDCB-4117-BF2F-5889E931861B}.Debug|Any CPU.ActiveCfg = Debug|Any CPU
		{FF7DD537-CDCB-4117-BF2F-5889E931861B}.Debug|Any CPU.Build.0 = Debug|Any CPU
		{FF7DD537-CDCB-4117-BF2F-5889E931861B}.Release|Any CPU.ActiveCfg = Release|Any CPU
		{FF7DD537-CDCB-4117-BF2F-5889E931861B}.Release|Any CPU.Build.0 = Release|Any CPU
	EndGlobalSection
	GlobalSection(SolutionProperties) = preSolution
		HideSolutionNode = FALSE
	EndGlobalSection
	GlobalSection(ExtensibilityGlobals) = postSolution
		SolutionGuid = {1F2EB657-84BB-4BEC-9844-6CCA716421B0}
	EndGlobalSection
EndGlobal
